// !$*UTF8*$!
{
	archiveVersion = 1;
	classes = {
	};
	objectVersion = 46;
	objects = {

/* Begin PBXBuildFile section */
		004C08381CBA507E004434D8 /* Members.json in Resources */ = {isa = PBXBuildFile; fileRef = 004C08371CBA507E004434D8 /* Members.json */; };
		00CF377A1CB931A800975BCA /* AppDelegate.swift in Sources */ = {isa = PBXBuildFile; fileRef = 00CF37791CB931A800975BCA /* AppDelegate.swift */; };
		00CF377C1CB931A800975BCA /* ViewController.swift in Sources */ = {isa = PBXBuildFile; fileRef = 00CF377B1CB931A800975BCA /* ViewController.swift */; };
		00CF377F1CB931A800975BCA /* Main.storyboard in Resources */ = {isa = PBXBuildFile; fileRef = 00CF377D1CB931A800975BCA /* Main.storyboard */; };
		00CF37811CB931A800975BCA /* Assets.xcassets in Resources */ = {isa = PBXBuildFile; fileRef = 00CF37801CB931A800975BCA /* Assets.xcassets */; };
		00CF37841CB931A800975BCA /* LaunchScreen.storyboard in Resources */ = {isa = PBXBuildFile; fileRef = 00CF37821CB931A800975BCA /* LaunchScreen.storyboard */; };
		00CF37911CB931D300975BCA /* Array_of_customers.json in Resources */ = {isa = PBXBuildFile; fileRef = 00CF378C1CB931D300975BCA /* Array_of_customers.json */; };
		00CF37921CB931D300975BCA /* Curries.swift in Sources */ = {isa = PBXBuildFile; fileRef = 00CF378D1CB931D300975BCA /* Curries.swift */; };
		00CF37931CB931D300975BCA /* Functions.swift in Sources */ = {isa = PBXBuildFile; fileRef = 00CF378E1CB931D300975BCA /* Functions.swift */; };
		00CF37941CB931D300975BCA /* Parse.swift in Sources */ = {isa = PBXBuildFile; fileRef = 00CF378F1CB931D300975BCA /* Parse.swift */; };
		00CF37951CB931D300975BCA /* Operators.swift in Sources */ = {isa = PBXBuildFile; fileRef = 00CF37901CB931D300975BCA /* Operators.swift */; };
/* End PBXBuildFile section */

/* Begin PBXFileReference section */
		004C08371CBA507E004434D8 /* Members.json */ = {isa = PBXFileReference; fileEncoding = 4; lastKnownFileType = text.json; path = Members.json; sourceTree = "<group>"; };
		00CF37761CB931A800975BCA /* MagicJSON.app */ = {isa = PBXFileReference; explicitFileType = wrapper.application; includeInIndex = 0; path = MagicJSON.app; sourceTree = BUILT_PRODUCTS_DIR; };
		00CF37791CB931A800975BCA /* AppDelegate.swift */ = {isa = PBXFileReference; lastKnownFileType = sourcecode.swift; path = AppDelegate.swift; sourceTree = "<group>"; };
		00CF377B1CB931A800975BCA /* ViewController.swift */ = {isa = PBXFileReference; lastKnownFileType = sourcecode.swift; path = ViewController.swift; sourceTree = "<group>"; };
		00CF377E1CB931A800975BCA /* Base */ = {isa = PBXFileReference; lastKnownFileType = file.storyboard; name = Base; path = Base.lproj/Main.storyboard; sourceTree = "<group>"; };
		00CF37801CB931A800975BCA /* Assets.xcassets */ = {isa = PBXFileReference; lastKnownFileType = folder.assetcatalog; path = Assets.xcassets; sourceTree = "<group>"; };
		00CF37831CB931A800975BCA /* Base */ = {isa = PBXFileReference; lastKnownFileType = file.storyboard; name = Base; path = Base.lproj/LaunchScreen.storyboard; sourceTree = "<group>"; };
		00CF37851CB931A800975BCA /* Info.plist */ = {isa = PBXFileReference; lastKnownFileType = text.plist.xml; path = Info.plist; sourceTree = "<group>"; };
		00CF378C1CB931D300975BCA /* Array_of_customers.json */ = {isa = PBXFileReference; fileEncoding = 4; lastKnownFileType = text.json; path = Array_of_customers.json; sourceTree = "<group>"; };
		00CF378D1CB931D300975BCA /* Curries.swift */ = {isa = PBXFileReference; fileEncoding = 4; lastKnownFileType = sourcecode.swift; path = Curries.swift; sourceTree = "<group>"; };
		00CF378E1CB931D300975BCA /* Functions.swift */ = {isa = PBXFileReference; fileEncoding = 4; lastKnownFileType = sourcecode.swift; path = Functions.swift; sourceTree = "<group>"; };
		00CF378F1CB931D300975BCA /* Parse.swift */ = {isa = PBXFileReference; fileEncoding = 4; lastKnownFileType = sourcecode.swift; path = Parse.swift; sourceTree = "<group>"; };
		00CF37901CB931D300975BCA /* Operators.swift */ = {isa = PBXFileReference; fileEncoding = 4; lastKnownFileType = sourcecode.swift; path = Operators.swift; sourceTree = "<group>"; };
/* End PBXFileReference section */

/* Begin PBXFrameworksBuildPhase section */
		00CF37731CB931A800975BCA /* Frameworks */ = {
			isa = PBXFrameworksBuildPhase;
			buildActionMask = 2147483647;
			files = (
			);
			runOnlyForDeploymentPostprocessing = 0;
		};
/* End PBXFrameworksBuildPhase section */

/* Begin PBXGroup section */
		00CF376D1CB931A800975BCA = {
			isa = PBXGroup;
			children = (
				00CF37781CB931A800975BCA /* MagicJSON */,
				00CF37771CB931A800975BCA /* Products */,
			);
			sourceTree = "<group>";
		};
		00CF37771CB931A800975BCA /* Products */ = {
			isa = PBXGroup;
			children = (
				00CF37761CB931A800975BCA /* MagicJSON.app */,
			);
			name = Products;
			sourceTree = "<group>";
		};
		00CF37781CB931A800975BCA /* MagicJSON */ = {
			isa = PBXGroup;
			children = (
				00CF378B1CB931D300975BCA /* Source */,
				00CF37791CB931A800975BCA /* AppDelegate.swift */,
				00CF377B1CB931A800975BCA /* ViewController.swift */,
				00CF377D1CB931A800975BCA /* Main.storyboard */,
				00CF37801CB931A800975BCA /* Assets.xcassets */,
				00CF37821CB931A800975BCA /* LaunchScreen.storyboard */,
				00CF37851CB931A800975BCA /* Info.plist */,
			);
			path = MagicJSON;
			sourceTree = "<group>";
		};
		00CF378B1CB931D300975BCA /* Source */ = {
			isa = PBXGroup;
			children = (
				004C08371CBA507E004434D8 /* Members.json */,
				00CF378C1CB931D300975BCA /* Array_of_customers.json */,
				00CF378D1CB931D300975BCA /* Curries.swift */,
				00CF378E1CB931D300975BCA /* Functions.swift */,
				00CF378F1CB931D300975BCA /* Parse.swift */,
				00CF37901CB931D300975BCA /* Operators.swift */,
			);
			path = Source;
			sourceTree = SOURCE_ROOT;
		};
/* End PBXGroup section */

/* Begin PBXNativeTarget section */
		00CF37751CB931A800975BCA /* MagicJSON */ = {
			isa = PBXNativeTarget;
			buildConfigurationList = 00CF37881CB931A800975BCA /* Build configuration list for PBXNativeTarget "MagicJSON" */;
			buildPhases = (
				00CF37721CB931A800975BCA /* Sources */,
				00CF37731CB931A800975BCA /* Frameworks */,
				00CF37741CB931A800975BCA /* Resources */,
			);
			buildRules = (
			);
			dependencies = (
			);
			name = MagicJSON;
			productName = MagicJSON;
			productReference = 00CF37761CB931A800975BCA /* MagicJSON.app */;
			productType = "com.apple.product-type.application";
		};
/* End PBXNativeTarget section */

/* Begin PBXProject section */
		00CF376E1CB931A800975BCA /* Project object */ = {
			isa = PBXProject;
			attributes = {
				LastSwiftUpdateCheck = 0730;
				LastUpgradeCheck = 0730;
				ORGANIZATIONNAME = Robin;
				TargetAttributes = {
					00CF37751CB931A800975BCA = {
						CreatedOnToolsVersion = 7.3;
					};
				};
			};
			buildConfigurationList = 00CF37711CB931A800975BCA /* Build configuration list for PBXProject "MagicJSON" */;
			compatibilityVersion = "Xcode 3.2";
			developmentRegion = English;
			hasScannedForEncodings = 0;
			knownRegions = (
				en,
				Base,
			);
			mainGroup = 00CF376D1CB931A800975BCA;
			productRefGroup = 00CF37771CB931A800975BCA /* Products */;
			projectDirPath = "";
			projectRoot = "";
			targets = (
				00CF37751CB931A800975BCA /* MagicJSON */,
			);
		};
/* End PBXProject section */

/* Begin PBXResourcesBuildPhase section */
		00CF37741CB931A800975BCA /* Resources */ = {
			isa = PBXResourcesBuildPhase;
			buildActionMask = 2147483647;
			files = (
				004C08381CBA507E004434D8 /* Members.json in Resources */,
				00CF37841CB931A800975BCA /* LaunchScreen.storyboard in Resources */,
				00CF37811CB931A800975BCA /* Assets.xcassets in Resources */,
				00CF37911CB931D300975BCA /* Array_of_customers.json in Resources */,
				00CF377F1CB931A800975BCA /* Main.storyboard in Resources */,
			);
			runOnlyForDeploymentPostprocessing = 0;
		};
/* End PBXResourcesBuildPhase section */

/* Begin PBXSourcesBuildPhase section */
		00CF37721CB931A800975BCA /* Sources */ = {
			isa = PBXSourcesBuildPhase;
			buildActionMask = 2147483647;
			files = (
				00CF37921CB931D300975BCA /* Curries.swift in Sources */,
				00CF37941CB931D300975BCA /* Parse.swift in Sources */,
				00CF377C1CB931A800975BCA /* ViewController.swift in Sources */,
				00CF377A1CB931A800975BCA /* AppDelegate.swift in Sources */,
				00CF37931CB931D300975BCA /* Functions.swift in Sources */,
				00CF37951CB931D300975BCA /* Operators.swift in Sources */,
			);
			runOnlyForDeploymentPostprocessing = 0;
		};
/* End PBXSourcesBuildPhase section */

/* Begin PBXVariantGroup section */
		00CF377D1CB931A800975BCA /* Main.storyboard */ = {
			isa = PBXVariantGroup;
			children = (
				00CF377E1CB931A800975BCA /* Base */,
			);
			name = Main.storyboard;
			sourceTree = "<group>";
		};
		00CF37821CB931A800975BCA /* LaunchScreen.storyboard */ = {
			isa = PBXVariantGroup;
			children = (
				00CF37831CB931A800975BCA /* Base */,
			);
			name = LaunchScreen.storyboard;
			sourceTree = "<group>";
		};
/* End PBXVariantGroup section */

/* Begin XCBuildConfiguration section */
		00CF37861CB931A800975BCA /* Debug */ = {
			isa = XCBuildConfiguration;
			buildSettings = {
				ALWAYS_SEARCH_USER_PATHS = NO;
				CLANG_ANALYZER_NONNULL = YES;
				CLANG_CXX_LANGUAGE_STANDARD = "gnu++0x";
				CLANG_CXX_LIBRARY = "libc++";
				CLANG_ENABLE_MODULES = YES;
				CLANG_ENABLE_OBJC_ARC = YES;
				CLANG_WARN_BOOL_CONVERSION = YES;
				CLANG_WARN_CONSTANT_CONVERSION = YES;
				CLANG_WARN_DIRECT_OBJC_ISA_USAGE = YES_ERROR;
				CLANG_WARN_EMPTY_BODY = YES;
				CLANG_WARN_ENUM_CONVERSION = YES;
				CLANG_WARN_INT_CONVERSION = YES;
				CLANG_WARN_OBJC_ROOT_CLASS = YES_ERROR;
				CLANG_WARN_UNREACHABLE_CODE = YES;
				CLANG_WARN__DUPLICATE_METHOD_MATCH = YES;
				"CODE_SIGN_IDENTITY[sdk=iphoneos*]" = "iPhone Developer";
				COPY_PHASE_STRIP = NO;
				DEBUG_INFORMATION_FORMAT = dwarf;
				ENABLE_STRICT_OBJC_MSGSEND = YES;
				ENABLE_TESTABILITY = YES;
				GCC_C_LANGUAGE_STANDARD = gnu99;
				GCC_DYNAMIC_NO_PIC = NO;
				GCC_NO_COMMON_BLOCKS = YES;
				GCC_OPTIMIZATION_LEVEL = 0;
				GCC_PREPROCESSOR_DEFINITIONS = (
					"DEBUG=1",
					"$(inherited)",
				);
				GCC_WARN_64_TO_32_BIT_CONVERSION = YES;
				GCC_WARN_ABOUT_RETURN_TYPE = YES_ERROR;
				GCC_WARN_UNDECLARED_SELECTOR = YES;
				GCC_WARN_UNINITIALIZED_AUTOS = YES_AGGRESSIVE;
				GCC_WARN_UNUSED_FUNCTION = YES;
				GCC_WARN_UNUSED_VARIABLE = YES;
				IPHONEOS_DEPLOYMENT_TARGET = 9.3;
				MTL_ENABLE_DEBUG_INFO = YES;
				ONLY_ACTIVE_ARCH = YES;
				SDKROOT = iphoneos;
				SWIFT_OPTIMIZATION_LEVEL = "-Onone";
			};
			name = Debug;
		};
		00CF37871CB931A800975BCA /* Release */ = {
			isa = XCBuildConfiguration;
			buildSettings = {
				ALWAYS_SEARCH_USER_PATHS = NO;
				CLANG_ANALYZER_NONNULL = YES;
				CLANG_CXX_LANGUAGE_STANDARD = "gnu++0x";
				CLANG_CXX_LIBRARY = "libc++";
				CLANG_ENABLE_MODULES = YES;
				CLANG_ENABLE_OBJC_ARC = YES;
				CLANG_WARN_BOOL_CONVERSION = YES;
				CLANG_WARN_CONSTANT_CONVERSION = YES;
				CLANG_WARN_DIRECT_OBJC_ISA_USAGE = YES_ERROR;
				CLANG_WARN_EMPTY_BODY = YES;
				CLANG_WARN_ENUM_CONVERSION = YES;
				CLANG_WARN_INT_CONVERSION = YES;
				CLANG_WARN_OBJC_ROOT_CLASS = YES_ERROR;
				CLANG_WARN_UNREACHABLE_CODE = YES;
				CLANG_WARN__DUPLICATE_METHOD_MATCH = YES;
				"CODE_SIGN_IDENTITY[sdk=iphoneos*]" = "iPhone Developer";
				COPY_PHASE_STRIP = NO;
				DEBUG_INFORMATION_FORMAT = "dwarf-with-dsym";
				ENABLE_NS_ASSERTIONS = NO;
				ENABLE_STRICT_OBJC_MSGSEND = YES;
				GCC_C_LANGUAGE_STANDARD = gnu99;
				GCC_NO_COMMON_BLOCKS = YES;
				GCC_WARN_64_TO_32_BIT_CONVERSION = YES;
				GCC_WARN_ABOUT_RETURN_TYPE = YES_ERROR;
				GCC_WARN_UNDECLARED_SELECTOR = YES;
				GCC_WARN_UNINITIALIZED_AUTOS = YES_AGGRESSIVE;
				GCC_WARN_UNUSED_FUNCTION = YES;
				GCC_WARN_UNUSED_VARIABLE = YES;
				IPHONEOS_DEPLOYMENT_TARGET = 9.3;
				MTL_ENABLE_DEBUG_INFO = NO;
				SDKROOT = iphoneos;
				VALIDATE_PRODUCT = YES;
			};
			name = Release;
		};
		00CF37891CB931A800975BCA /* Debug */ = {
			isa = XCBuildConfiguration;
			buildSettings = {
				ASSETCATALOG_COMPILER_APPICON_NAME = AppIcon;
				INFOPLIST_FILE = MagicJSON/Info.plist;
				LD_RUNPATH_SEARCH_PATHS = "$(inherited) @executable_path/Frameworks";
				PRODUCT_BUNDLE_IDENTIFIER = com.mRocker.MagicJSON;
				PRODUCT_NAME = "$(TARGET_NAME)";
			};
			name = Debug;
		};
		00CF378A1CB931A800975BCA /* Release */ = {
			isa = XCBuildConfiguration;
			buildSettings = {
				ASSETCATALOG_COMPILER_APPICON_NAME = AppIcon;
				INFOPLIST_FILE = MagicJSON/Info.plist;
				LD_RUNPATH_SEARCH_PATHS = "$(inherited) @executable_path/Frameworks";
				PRODUCT_BUNDLE_IDENTIFIER = com.mRocker.MagicJSON;
				PRODUCT_NAME = "$(TARGET_NAME)";
			};
			name = Release;
		};
/* End XCBuildConfiguration section */

/* Begin XCConfigurationList section */
		00CF37711CB931A800975BCA /* Build configuration list for PBXProject "MagicJSON" */ = {
			isa = XCConfigurationList;
			buildConfigurations = (
				00CF37861CB931A800975BCA /* Debug */,
				00CF37871CB931A800975BCA /* Release */,
			);
			defaultConfigurationIsVisible = 0;
			defaultConfigurationName = Release;
		};
		00CF37881CB931A800975BCA /* Build configuration list for PBXNativeTarget "MagicJSON" */ = {
			isa = XCConfigurationList;
			buildConfigurations = (
				00CF37891CB931A800975BCA /* Debug */,
				00CF378A1CB931A800975BCA /* Release */,
			);
			defaultConfigurationIsVisible = 0;
			defaultConfigurationName = Release;
		};
/* End XCConfigurationList section */
	};
	rootObject = 00CF376E1CB931A800975BCA /* Project object */;
}
